{
    "_meta": {
        "hash": {
            "sha256": "62924371bf6d16072e0596d45b6ad4d6abc2c6587a7fa3305dd6c58e77d939fa"
        },
        "pipfile-spec": 6,
        "requires": {
            "python_version": "3.8"
        },
        "sources": [
            {
                "name": "pypi",
                "url": "https://pypi.org/simple",
                "verify_ssl": true
            }
        ]
    },
    "default": {
        "click": {
            "hashes": [
                "sha256:5e0d195c2067da3136efb897449ec1e9e6c98282fbf30d7f9e164af9be901a6b",
                "sha256:7ab900e38149c9872376e8f9b5986ddcaf68c0f413cf73678a0bca5547e6f976"
            ],
            "index": "pypi",
            "version": "==8.1.1"
        },
        "python-dotenv": {
            "hashes": [
                "sha256:b7e3b04a59693c42c36f9ab1cc2acc46fa5df8c78e178fc33a8d4cd05c8d498f",
                "sha256:d92a187be61fe482e4fd675b6d52200e7be63a12b724abbf931a40ce4fa92938"
            ],
            "index": "pypi",
            "version": "==0.20.0"
        }
    },
    "develop": {}
}
